{
  "name": "contracts-v3j",
  "version": "3.9.3",
  "lockfileVersion": 3,
  "requires": true,
  "packages": {
    "": {
      "name": "contracts-v3j",
      "version": "3.9.3",
      "dependencies": {
        "@nayms/contracts": "3.9.3"
      }
    },
    "node_modules/@nayms/contracts": {
      "version": "3.9.3",
      "resolved": "https://registry.npmjs.org/@nayms/contracts/-/contracts-3.9.3.tgz",
      "integrity": "sha512-aIlV27HA8dirRByD5jRPlkT+FtHCaDAnDpxJB4EepOaw14MK5iyEDDsQU3fK1SMnHqe59DqJ07DTs/Osm0HHJg==",
      "dependencies": {
        "yarn": "^1.22.19"
      }
    },
    "node_modules/yarn": {
      "version": "1.22.22",
      "resolved": "https://registry.npmjs.org/yarn/-/yarn-1.22.22.tgz",
      "integrity": "sha512-prL3kGtyG7o9Z9Sv8IPfBNrWTDmXB4Qbes8A9rEzt6wkJV8mUvoirjU0Mp3GGAU06Y0XQyA3/2/RQFVuK7MTfg==",
      "hasInstallScript": true,
      "bin": {
        "yarn": "bin/yarn.js",
        "yarnpkg": "bin/yarn.js"
      },
      "engines": {
        "node": ">=4.0.0"
      }
    }
  }
}
